
Microsoft Visual Studio Solution File, Format Version 12.00
# Visual Studio Version 17
VisualStudioVersion = 17.7.34003.232
MinimumVisualStudioVersion = 10.0.40219.1
Project("{9A19103F-16F7-4668-BE54-9A1E7A4F7556}") = "RabbitMQWithNet", "RabbitMQWithNet\RabbitMQWithNet.csproj", "{172FB551-3DED-4D65-B52D-6F1C8F023E01}"
EndProject
Project("{FAE04EC0-301F-11D3-BF4B-00C04F79EFBC}") = "RabbitMQConsumerConsoleApp", "RabbitMQConsumerConsoleApp\RabbitMQConsumerConsoleApp.csproj", "{AC7AF29B-F47A-4319-8AFE-B4E17865E65D}"
EndProject
Global
	GlobalSection(SolutionConfigurationPlatforms) = preSolution
		Debug|Any CPU = Debug|Any CPU
		Release|Any CPU = Release|Any CPU
	EndGlobalSection
	GlobalSection(ProjectConfigurationPlatforms) = postSolution
		{172FB551-3DED-4D65-B52D-6F1C8F023E01}.Debug|Any CPU.ActiveCfg = Debug|Any CPU
		{172FB551-3DED-4D65-B52D-6F1C8F023E01}.Debug|Any CPU.Build.0 = Debug|Any CPU
		{172FB551-3DED-4D65-B52D-6F1C8F023E01}.Release|Any CPU.ActiveCfg = Release|Any CPU
		{172FB551-3DED-4D65-B52D-6F1C8F023E01}.Release|Any CPU.Build.0 = Release|Any CPU
		{AC7AF29B-F47A-4319-8AFE-B4E17865E65D}.Debug|Any CPU.ActiveCfg = Debug|Any CPU
		{AC7AF29B-F47A-4319-8AFE-B4E17865E65D}.Debug|Any CPU.Build.0 = Debug|Any CPU
		{AC7AF29B-F47A-4319-8AFE-B4E17865E65D}.Release|Any CPU.ActiveCfg = Release|Any CPU
		{AC7AF29B-F47A-4319-8AFE-B4E17865E65D}.Release|Any CPU.Build.0 = Release|Any CPU
	EndGlobalSection
	GlobalSection(SolutionProperties) = preSolution
		HideSolutionNode = FALSE
	EndGlobalSection
	GlobalSection(ExtensibilityGlobals) = postSolution
		SolutionGuid = {5C916CFF-68C6-4541-9282-BAA5444FF48A}
	EndGlobalSection
EndGlobal
